
Microsoft Visual Studio Solution File, Format Version 12.00
# Visual Studio Version 17
VisualStudioVersion = 17.0.31903.59
MinimumVisualStudioVersion = 10.0.40219.1
Project("{FAE04EC0-301F-11D3-BF4B-00C04F79EFBC}") = "ruby.drum.Api", "ruby.drum.Api\ruby.drum.Api.csproj", "{E254333C-CEDE-4CD5-894B-D1B0B188E323}"
EndProject
Project("{FAE04EC0-301F-11D3-BF4B-00C04F79EFBC}") = "ruby.drum.Domain", "ruby.drum.Domain\ruby.drum.Domain.csproj", "{8F870AC7-B330-4ABA-B86F-C2D95C912C19}"
EndProject
Project("{FAE04EC0-301F-11D3-BF4B-00C04F79EFBC}") = "ruby.drum.Data", "ruby.drum.Data\ruby.drum.Data.csproj", "{906E1B9C-C16D-44F8-9FDE-BCDC31CC4A1F}"
EndProject
Global
	GlobalSection(SolutionConfigurationPlatforms) = preSolution
		Debug|Any CPU = Debug|Any CPU
		Release|Any CPU = Release|Any CPU
	EndGlobalSection
	GlobalSection(SolutionProperties) = preSolution
		HideSolutionNode = FALSE
	EndGlobalSection
	GlobalSection(ProjectConfigurationPlatforms) = postSolution
		{E254333C-CEDE-4CD5-894B-D1B0B188E323}.Debug|Any CPU.ActiveCfg = Debug|Any CPU
		{E254333C-CEDE-4CD5-894B-D1B0B188E323}.Debug|Any CPU.Build.0 = Debug|Any CPU
		{E254333C-CEDE-4CD5-894B-D1B0B188E323}.Release|Any CPU.ActiveCfg = Release|Any CPU
		{E254333C-CEDE-4CD5-894B-D1B0B188E323}.Release|Any CPU.Build.0 = Release|Any CPU
		{8F870AC7-B330-4ABA-B86F-C2D95C912C19}.Debug|Any CPU.ActiveCfg = Debug|Any CPU
		{8F870AC7-B330-4ABA-B86F-C2D95C912C19}.Debug|Any CPU.Build.0 = Debug|Any CPU
		{8F870AC7-B330-4ABA-B86F-C2D95C912C19}.Release|Any CPU.ActiveCfg = Release|Any CPU
		{8F870AC7-B330-4ABA-B86F-C2D95C912C19}.Release|Any CPU.Build.0 = Release|Any CPU
		{906E1B9C-C16D-44F8-9FDE-BCDC31CC4A1F}.Debug|Any CPU.ActiveCfg = Debug|Any CPU
		{906E1B9C-C16D-44F8-9FDE-BCDC31CC4A1F}.Debug|Any CPU.Build.0 = Debug|Any CPU
		{906E1B9C-C16D-44F8-9FDE-BCDC31CC4A1F}.Release|Any CPU.ActiveCfg = Release|Any CPU
		{906E1B9C-C16D-44F8-9FDE-BCDC31CC4A1F}.Release|Any CPU.Build.0 = Release|Any CPU
	EndGlobalSection
EndGlobal
